
Microsoft Visual Studio Solution File, Format Version 12.00
# Visual Studio Version 17
VisualStudioVersion = 17.0.32112.339
MinimumVisualStudioVersion = 10.0.40219.1
Project("{FAE04EC0-301F-11D3-BF4B-00C04F79EFBC}") = "TaksAndThread", "TaksAndThread.csproj", "{CDB2D4E2-A008-4C49-BF66-A92EDACCCC62}"
EndProject
Global
	GlobalSection(SolutionConfigurationPlatforms) = preSolution
		Debug|Any CPU = Debug|Any CPU
		Release|Any CPU = Release|Any CPU
	EndGlobalSection
	GlobalSection(ProjectConfigurationPlatforms) = postSolution
		{CDB2D4E2-A008-4C49-BF66-A92EDACCCC62}.Debug|Any CPU.ActiveCfg = Debug|Any CPU
		{CDB2D4E2-A008-4C49-BF66-A92EDACCCC62}.Debug|Any CPU.Build.0 = Debug|Any CPU
		{CDB2D4E2-A008-4C49-BF66-A92EDACCCC62}.Release|Any CPU.ActiveCfg = Release|Any CPU
		{CDB2D4E2-A008-4C49-BF66-A92EDACCCC62}.Release|Any CPU.Build.0 = Release|Any CPU
	EndGlobalSection
	GlobalSection(SolutionProperties) = preSolution
		HideSolutionNode = FALSE
	EndGlobalSection
	GlobalSection(ExtensibilityGlobals) = postSolution
		SolutionGuid = {03A33239-3333-40F9-9CAB-8853DC97868B}
	EndGlobalSection
EndGlobal
